
Microsoft Visual Studio Solution File, Format Version 12.00
# Visual Studio Version 17
VisualStudioVersion = 17.7.34018.315
MinimumVisualStudioVersion = 10.0.40219.1
Project("{FAE04EC0-301F-11D3-BF4B-00C04F79EFBC}") = "Tugas Modul Praktikum", "Tugas Modul Praktikum\Tugas Modul Praktikum.csproj", "{4C9EE6F2-DAB8-4395-AEE9-EFE8506AD3C8}"
EndProject
Global
	GlobalSection(SolutionConfigurationPlatforms) = preSolution
		Debug|Any CPU = Debug|Any CPU
		Release|Any CPU = Release|Any CPU
	EndGlobalSection
	GlobalSection(ProjectConfigurationPlatforms) = postSolution
		{4C9EE6F2-DAB8-4395-AEE9-EFE8506AD3C8}.Debug|Any CPU.ActiveCfg = Debug|Any CPU
		{4C9EE6F2-DAB8-4395-AEE9-EFE8506AD3C8}.Debug|Any CPU.Build.0 = Debug|Any CPU
		{4C9EE6F2-DAB8-4395-AEE9-EFE8506AD3C8}.Release|Any CPU.ActiveCfg = Release|Any CPU
		{4C9EE6F2-DAB8-4395-AEE9-EFE8506AD3C8}.Release|Any CPU.Build.0 = Release|Any CPU
	EndGlobalSection
	GlobalSection(SolutionProperties) = preSolution
		HideSolutionNode = FALSE
	EndGlobalSection
	GlobalSection(ExtensibilityGlobals) = postSolution
		SolutionGuid = {0AC8D70C-D196-44DB-8997-9757BC258DCC}
	EndGlobalSection
EndGlobal
